<?xml version="1.0" encoding="UTF-8"?>
<CodeBlocks_project_file>
	<FileVersion major="1" minor="6"/>
	<Project>
		<Option title="MyProject"/>
		<Option makefile_is_custom="1"/>
		<Option compiler="gcc"/>
		<Option virtualFolders="CMake Files\;CMake Files\..\;CMake Files\..\cgal\;CMake Files\..\cgal\Installation\;CMake Files\..\cgal\Installation\lib\;CMake Files\..\cgal\Installation\lib\cmake\;CMake Files\..\cgal\Installation\lib\cmake\CGAL\;CMake Files\..\cgal\Installation\cmake\;CMake Files\..\cgal\Installation\cmake\modules\;CMake Files\..\cgal\GraphicsView\;CMake Files\..\cgal\GraphicsView\demo\;CMake Files\..\cgal\GraphicsView\demo\resources\;CMake Files\..\cgal\GraphicsView\demo\icons\;CMake Files\..\..\;CMake Files\..\..\..\;CMake Files\..\..\..\..\;CMake Files\..\..\..\..\usr\;CMake Files\..\..\..\..\usr\lib\;CMake Files\..\..\..\..\usr\lib\x86_64-linux-gnu\;CMake Files\..\..\..\..\usr\lib\x86_64-linux-gnu\cmake\;CMake Files\..\..\..\..\usr\lib\x86_64-linux-gnu\cmake\Boost-1.71.0\;CMake Files\..\..\..\..\usr\lib\x86_64-linux-gnu\cmake\boost_headers-1.71.0\;CMake Files\..\..\..\..\usr\lib\x86_64-linux-gnu\cmake\Qt5\;CMake Files\..\..\..\..\usr\lib\x86_64-linux-gnu\cmake\Qt5OpenGL\;CMake Files\..\..\..\..\usr\lib\x86_64-linux-gnu\cmake\Qt5Widgets\;CMake Files\..\..\..\..\usr\lib\x86_64-linux-gnu\cmake\Qt5Gui\;CMake Files\..\..\..\..\usr\lib\x86_64-linux-gnu\cmake\Qt5Core\;CMake Files\..\..\..\..\usr\lib\x86_64-linux-gnu\cmake\Qt5Svg\;"/>
		<Build>
			<Target title="all">
				<Option working_dir="/home/dylan/lifprojet/projet-creation-de-ville/builds/debug"/>
				<Option type="4"/>
				<MakeCommands>
					<Build command="/usr/bin/make -j6 -f &quot;/home/dylan/lifprojet/projet-creation-de-ville/builds/debug/Makefile&quot;  VERBOSE=1 all"/>
					<CompileFile command="/usr/bin/make -j6 -f &quot;/home/dylan/lifprojet/projet-creation-de-ville/builds/debug/Makefile&quot;  VERBOSE=1 &quot;$file&quot;"/>
					<Clean command="/usr/bin/make -j6 -f &quot;/home/dylan/lifprojet/projet-creation-de-ville/builds/debug/Makefile&quot;  VERBOSE=1 clean"/>
					<DistClean command="/usr/bin/make -j6 -f &quot;/home/dylan/lifprojet/projet-creation-de-ville/builds/debug/Makefile&quot;  VERBOSE=1 clean"/>
				</MakeCommands>
			</Target>
			<Target title="rebuild_cache">
				<Option working_dir="/home/dylan/lifprojet/projet-creation-de-ville/builds/debug"/>
				<Option type="4"/>
				<MakeCommands>
					<Build command="/usr/bin/make -j6 -f &quot;/home/dylan/lifprojet/projet-creation-de-ville/builds/debug/Makefile&quot;  VERBOSE=1 rebuild_cache"/>
					<CompileFile command="/usr/bin/make -j6 -f &quot;/home/dylan/lifprojet/projet-creation-de-ville/builds/debug/Makefile&quot;  VERBOSE=1 &quot;$file&quot;"/>
					<Clean command="/usr/bin/make -j6 -f &quot;/home/dylan/lifprojet/projet-creation-de-ville/builds/debug/Makefile&quot;  VERBOSE=1 clean"/>
					<DistClean command="/usr/bin/make -j6 -f &quot;/home/dylan/lifprojet/projet-creation-de-ville/builds/debug/Makefile&quot;  VERBOSE=1 clean"/>
				</MakeCommands>
			</Target>
			<Target title="edit_cache">
				<Option working_dir="/home/dylan/lifprojet/projet-creation-de-ville/builds/debug"/>
				<Option type="4"/>
				<MakeCommands>
					<Build command="/usr/bin/make -j6 -f &quot;/home/dylan/lifprojet/projet-creation-de-ville/builds/debug/Makefile&quot;  VERBOSE=1 edit_cache"/>
					<CompileFile command="/usr/bin/make -j6 -f &quot;/home/dylan/lifprojet/projet-creation-de-ville/builds/debug/Makefile&quot;  VERBOSE=1 &quot;$file&quot;"/>
					<Clean command="/usr/bin/make -j6 -f &quot;/home/dylan/lifprojet/projet-creation-de-ville/builds/debug/Makefile&quot;  VERBOSE=1 clean"/>
					<DistClean command="/usr/bin/make -j6 -f &quot;/home/dylan/lifprojet/projet-creation-de-ville/builds/debug/Makefile&quot;  VERBOSE=1 clean"/>
				</MakeCommands>
			</Target>
			<Target title="MyExec">
				<Option output="/home/dylan/lifprojet/projet-creation-de-ville/builds/debug/MyExec" prefix_auto="0" extension_auto="0"/>
				<Option working_dir="/home/dylan/lifprojet/projet-creation-de-ville/builds/debug"/>
				<Option object_output="./"/>
				<Option type="1"/>
				<Option compiler="gcc"/>
				<Compiler>
					<Add option="-DCGAL_USE_BASIC_VIEWER"/>
					<Add option="-DQT_NO_KEYWORDS"/>
					<Add option="-DCGAL_USE_GMPXX=1"/>
					<Add option="-DBOOST_ALL_NO_LIB"/>
					<Add option="-DQT_WIDGETS_LIB"/>
					<Add option="-DQT_GUI_LIB"/>
					<Add option="-DQT_CORE_LIB"/>
					<Add option="-DQT_OPENGL_LIB"/>
					<Add option="-DQT_SVG_LIB"/>
					<Add directory="/home/dylan/lifprojet/projet-creation-de-ville/builds/debug"/>
					<Add directory="/home/dylan/lifprojet/cgal/AABB_tree/include"/>
					<Add directory="/home/dylan/lifprojet/cgal/Advancing_front_surface_reconstruction/include"/>
					<Add directory="/home/dylan/lifprojet/cgal/Algebraic_foundations/include"/>
					<Add directory="/home/dylan/lifprojet/cgal/Algebraic_kernel_d/include"/>
					<Add directory="/home/dylan/lifprojet/cgal/Algebraic_kernel_for_circles/include"/>
					<Add directory="/home/dylan/lifprojet/cgal/Algebraic_kernel_for_spheres/include"/>
					<Add directory="/home/dylan/lifprojet/cgal/Alpha_shapes_2/include"/>
					<Add directory="/home/dylan/lifprojet/cgal/Alpha_shapes_3/include"/>
					<Add directory="/home/dylan/lifprojet/cgal/Apollonius_graph_2/include"/>
					<Add directory="/home/dylan/lifprojet/cgal/Arithmetic_kernel/include"/>
					<Add directory="/home/dylan/lifprojet/cgal/Arrangement_on_surface_2/include"/>
					<Add directory="/home/dylan/lifprojet/cgal/BGL/include"/>
					<Add directory="/home/dylan/lifprojet/cgal/Barycentric_coordinates_2/include"/>
					<Add directory="/home/dylan/lifprojet/cgal/Boolean_set_operations_2/include"/>
					<Add directory="/home/dylan/lifprojet/cgal/Bounding_volumes/include"/>
					<Add directory="/home/dylan/lifprojet/cgal/Box_intersection_d/include"/>
					<Add directory="/home/dylan/lifprojet/cgal/CGAL_Core/include"/>
					<Add directory="/home/dylan/lifprojet/cgal/CGAL_ImageIO/include"/>
					<Add directory="/home/dylan/lifprojet/cgal/CGAL_ipelets/include"/>
					<Add directory="/home/dylan/lifprojet/cgal/Cartesian_kernel/include"/>
					<Add directory="/home/dylan/lifprojet/cgal/Circular_kernel_2/include"/>
					<Add directory="/home/dylan/lifprojet/cgal/Circular_kernel_3/include"/>
					<Add directory="/home/dylan/lifprojet/cgal/Circulator/include"/>
					<Add directory="/home/dylan/lifprojet/cgal/Classification/include"/>
					<Add directory="/home/dylan/lifprojet/cgal/Combinatorial_map/include"/>
					<Add directory="/home/dylan/lifprojet/cgal/Cone_spanners_2/include"/>
					<Add directory="/home/dylan/lifprojet/cgal/Convex_decomposition_3/include"/>
					<Add directory="/home/dylan/lifprojet/cgal/Convex_hull_2/include"/>
					<Add directory="/home/dylan/lifprojet/cgal/Convex_hull_3/include"/>
					<Add directory="/home/dylan/lifprojet/cgal/Convex_hull_d/include"/>
					<Add directory="/home/dylan/lifprojet/cgal/Distance_2/include"/>
					<Add directory="/home/dylan/lifprojet/cgal/Distance_3/include"/>
					<Add directory="/home/dylan/lifprojet/cgal/Envelope_2/include"/>
					<Add directory="/home/dylan/lifprojet/cgal/Envelope_3/include"/>
					<Add directory="/home/dylan/lifprojet/cgal/Filtered_kernel/include"/>
					<Add directory="/home/dylan/lifprojet/cgal/Generalized_map/include"/>
					<Add directory="/home/dylan/lifprojet/cgal/Generator/include"/>
					<Add directory="/home/dylan/lifprojet/cgal/Geomview/include"/>
					<Add directory="/home/dylan/lifprojet/cgal/GraphicsView/include"/>
					<Add directory="/home/dylan/lifprojet/cgal/HalfedgeDS/include"/>
					<Add directory="/home/dylan/lifprojet/cgal/Hash_map/include"/>
					<Add directory="/home/dylan/lifprojet/cgal/Heat_method_3/include"/>
					<Add directory="/home/dylan/lifprojet/cgal/Homogeneous_kernel/include"/>
					<Add directory="/home/dylan/lifprojet/cgal/Hyperbolic_triangulation_2/include"/>
					<Add directory="/home/dylan/lifprojet/cgal/Inscribed_areas/include"/>
					<Add directory="/home/dylan/lifprojet/cgal/Installation/include"/>
					<Add directory="/home/dylan/lifprojet/cgal/Interpolation/include"/>
					<Add directory="/home/dylan/lifprojet/cgal/Intersections_2/include"/>
					<Add directory="/home/dylan/lifprojet/cgal/Intersections_3/include"/>
					<Add directory="/home/dylan/lifprojet/cgal/Interval_skip_list/include"/>
					<Add directory="/home/dylan/lifprojet/cgal/Interval_support/include"/>
					<Add directory="/home/dylan/lifprojet/cgal/Jet_fitting_3/include"/>
					<Add directory="/home/dylan/lifprojet/cgal/Kernel_23/include"/>
					<Add directory="/home/dylan/lifprojet/cgal/Kernel_d/include"/>
					<Add directory="/home/dylan/lifprojet/cgal/LEDA/include"/>
					<Add directory="/home/dylan/lifprojet/cgal/Linear_cell_complex/include"/>
					<Add directory="/home/dylan/lifprojet/cgal/Matrix_search/include"/>
					<Add directory="/home/dylan/lifprojet/cgal/Mesh_2/include"/>
					<Add directory="/home/dylan/lifprojet/cgal/Mesh_3/include"/>
					<Add directory="/home/dylan/lifprojet/cgal/Mesher_level/include"/>
					<Add directory="/home/dylan/lifprojet/cgal/Minkowski_sum_2/include"/>
					<Add directory="/home/dylan/lifprojet/cgal/Minkowski_sum_3/include"/>
					<Add directory="/home/dylan/lifprojet/cgal/Modifier/include"/>
					<Add directory="/home/dylan/lifprojet/cgal/Modular_arithmetic/include"/>
					<Add directory="/home/dylan/lifprojet/cgal/Nef_2/include"/>
					<Add directory="/home/dylan/lifprojet/cgal/Nef_3/include"/>
					<Add directory="/home/dylan/lifprojet/cgal/Nef_S2/include"/>
					<Add directory="/home/dylan/lifprojet/cgal/NewKernel_d/include"/>
					<Add directory="/home/dylan/lifprojet/cgal/Number_types/include"/>
					<Add directory="/home/dylan/lifprojet/cgal/OpenNL/include"/>
					<Add directory="/home/dylan/lifprojet/cgal/Optimal_bounding_box/include"/>
					<Add directory="/home/dylan/lifprojet/cgal/Optimal_transportation_reconstruction_2/include"/>
					<Add directory="/home/dylan/lifprojet/cgal/Optimisation_basic/include"/>
					<Add directory="/home/dylan/lifprojet/cgal/Orthtree/include"/>
					<Add directory="/home/dylan/lifprojet/cgal/Partition_2/include"/>
					<Add directory="/home/dylan/lifprojet/cgal/Periodic_2_triangulation_2/include"/>
					<Add directory="/home/dylan/lifprojet/cgal/Periodic_3_mesh_3/include"/>
					<Add directory="/home/dylan/lifprojet/cgal/Periodic_3_triangulation_3/include"/>
					<Add directory="/home/dylan/lifprojet/cgal/Periodic_4_hyperbolic_triangulation_2/include"/>
					<Add directory="/home/dylan/lifprojet/cgal/Point_set_2/include"/>
					<Add directory="/home/dylan/lifprojet/cgal/Point_set_3/include"/>
					<Add directory="/home/dylan/lifprojet/cgal/Point_set_processing_3/include"/>
					<Add directory="/home/dylan/lifprojet/cgal/Poisson_surface_reconstruction_3/include"/>
					<Add directory="/home/dylan/lifprojet/cgal/Polygon/include"/>
					<Add directory="/home/dylan/lifprojet/cgal/Polygon_mesh_processing/include"/>
					<Add directory="/home/dylan/lifprojet/cgal/Polygonal_surface_reconstruction/include"/>
					<Add directory="/home/dylan/lifprojet/cgal/Polyhedron/include"/>
					<Add directory="/home/dylan/lifprojet/cgal/Polyline_simplification_2/include"/>
					<Add directory="/home/dylan/lifprojet/cgal/Polynomial/include"/>
					<Add directory="/home/dylan/lifprojet/cgal/Polytope_distance_d/include"/>
					<Add directory="/home/dylan/lifprojet/cgal/Principal_component_analysis/include"/>
					<Add directory="/home/dylan/lifprojet/cgal/Principal_component_analysis_LGPL/include"/>
					<Add directory="/home/dylan/lifprojet/cgal/Profiling_tools/include"/>
					<Add directory="/home/dylan/lifprojet/cgal/Property_map/include"/>
					<Add directory="/home/dylan/lifprojet/cgal/QP_solver/include"/>
					<Add directory="/home/dylan/lifprojet/cgal/Random_numbers/include"/>
					<Add directory="/home/dylan/lifprojet/cgal/Ridges_3/include"/>
					<Add directory="/home/dylan/lifprojet/cgal/STL_Extension/include"/>
					<Add directory="/home/dylan/lifprojet/cgal/Scale_space_reconstruction_3/include"/>
					<Add directory="/home/dylan/lifprojet/cgal/SearchStructures/include"/>
					<Add directory="/home/dylan/lifprojet/cgal/Segment_Delaunay_graph_2/include"/>
					<Add directory="/home/dylan/lifprojet/cgal/Segment_Delaunay_graph_Linf_2/include"/>
					<Add directory="/home/dylan/lifprojet/cgal/Set_movable_separability_2/include"/>
					<Add directory="/home/dylan/lifprojet/cgal/Shape_detection/include"/>
					<Add directory="/home/dylan/lifprojet/cgal/Shape_regularization/include"/>
					<Add directory="/home/dylan/lifprojet/cgal/Skin_surface_3/include"/>
					<Add directory="/home/dylan/lifprojet/cgal/Snap_rounding_2/include"/>
					<Add directory="/home/dylan/lifprojet/cgal/Solver_interface/include"/>
					<Add directory="/home/dylan/lifprojet/cgal/Spatial_searching/include"/>
					<Add directory="/home/dylan/lifprojet/cgal/Spatial_sorting/include"/>
					<Add directory="/home/dylan/lifprojet/cgal/Straight_skeleton_2/include"/>
					<Add directory="/home/dylan/lifprojet/cgal/Stream_lines_2/include"/>
					<Add directory="/home/dylan/lifprojet/cgal/Stream_support/include"/>
					<Add directory="/home/dylan/lifprojet/cgal/Subdivision_method_3/include"/>
					<Add directory="/home/dylan/lifprojet/cgal/Surface_mesh/include"/>
					<Add directory="/home/dylan/lifprojet/cgal/Surface_mesh_approximation/include"/>
					<Add directory="/home/dylan/lifprojet/cgal/Surface_mesh_deformation/include"/>
					<Add directory="/home/dylan/lifprojet/cgal/Surface_mesh_parameterization/include"/>
					<Add directory="/home/dylan/lifprojet/cgal/Surface_mesh_segmentation/include"/>
					<Add directory="/home/dylan/lifprojet/cgal/Surface_mesh_shortest_path/include"/>
					<Add directory="/home/dylan/lifprojet/cgal/Surface_mesh_simplification/include"/>
					<Add directory="/home/dylan/lifprojet/cgal/Surface_mesh_skeletonization/include"/>
					<Add directory="/home/dylan/lifprojet/cgal/Surface_mesh_topology/include"/>
					<Add directory="/home/dylan/lifprojet/cgal/Surface_mesher/include"/>
					<Add directory="/home/dylan/lifprojet/cgal/Surface_sweep_2/include"/>
					<Add directory="/home/dylan/lifprojet/cgal/TDS_2/include"/>
					<Add directory="/home/dylan/lifprojet/cgal/TDS_3/include"/>
					<Add directory="/home/dylan/lifprojet/cgal/Testsuite/include"/>
					<Add directory="/home/dylan/lifprojet/cgal/Tetrahedral_remeshing/include"/>
					<Add directory="/home/dylan/lifprojet/cgal/Three/include"/>
					<Add directory="/home/dylan/lifprojet/cgal/Triangulation/include"/>
					<Add directory="/home/dylan/lifprojet/cgal/Triangulation_2/include"/>
					<Add directory="/home/dylan/lifprojet/cgal/Triangulation_3/include"/>
					<Add directory="/home/dylan/lifprojet/cgal/Triangulation_on_sphere_2/include"/>
					<Add directory="/home/dylan/lifprojet/cgal/Union_find/include"/>
					<Add directory="/home/dylan/lifprojet/cgal/Visibility_2/include"/>
					<Add directory="/home/dylan/lifprojet/cgal/Voronoi_diagram_2/include"/>
					<Add directory="/home/dylan/lifprojet/cgal/Weights/include"/>
					<Add directory="/usr/include/x86_64-linux-gnu/qt5"/>
					<Add directory="/usr/include/x86_64-linux-gnu/qt5/QtWidgets"/>
					<Add directory="/usr/include/x86_64-linux-gnu/qt5/QtGui"/>
					<Add directory="/usr/include/x86_64-linux-gnu/qt5/QtCore"/>
					<Add directory="/usr/lib/x86_64-linux-gnu/qt5/mkspecs/linux-g++"/>
					<Add directory="/usr/include/x86_64-linux-gnu/qt5/QtOpenGL"/>
					<Add directory="/usr/include/x86_64-linux-gnu/qt5/QtSvg"/>
					<Add directory="/usr/include/c++/9"/>
					<Add directory="/usr/include/x86_64-linux-gnu/c++/9"/>
					<Add directory="/usr/include/c++/9/backward"/>
					<Add directory="/usr/lib/gcc/x86_64-linux-gnu/9/include"/>
					<Add directory="/usr/local/include"/>
					<Add directory="/usr/include/x86_64-linux-gnu"/>
					<Add directory="/usr/include"/>
				</Compiler>
				<MakeCommands>
					<Build command="/usr/bin/make -j6 -f &quot;/home/dylan/lifprojet/projet-creation-de-ville/builds/debug/Makefile&quot;  VERBOSE=1 MyExec"/>
					<CompileFile command="/usr/bin/make -j6 -f &quot;/home/dylan/lifprojet/projet-creation-de-ville/builds/debug/Makefile&quot;  VERBOSE=1 &quot;$file&quot;"/>
					<Clean command="/usr/bin/make -j6 -f &quot;/home/dylan/lifprojet/projet-creation-de-ville/builds/debug/Makefile&quot;  VERBOSE=1 clean"/>
					<DistClean command="/usr/bin/make -j6 -f &quot;/home/dylan/lifprojet/projet-creation-de-ville/builds/debug/Makefile&quot;  VERBOSE=1 clean"/>
				</MakeCommands>
			</Target>
			<Target title="MyExec/fast">
				<Option output="/home/dylan/lifprojet/projet-creation-de-ville/builds/debug/MyExec" prefix_auto="0" extension_auto="0"/>
				<Option working_dir="/home/dylan/lifprojet/projet-creation-de-ville/builds/debug"/>
				<Option object_output="./"/>
				<Option type="1"/>
				<Option compiler="gcc"/>
				<Compiler>
					<Add option="-DCGAL_USE_BASIC_VIEWER"/>
					<Add option="-DQT_NO_KEYWORDS"/>
					<Add option="-DCGAL_USE_GMPXX=1"/>
					<Add option="-DBOOST_ALL_NO_LIB"/>
					<Add option="-DQT_WIDGETS_LIB"/>
					<Add option="-DQT_GUI_LIB"/>
					<Add option="-DQT_CORE_LIB"/>
					<Add option="-DQT_OPENGL_LIB"/>
					<Add option="-DQT_SVG_LIB"/>
					<Add directory="/home/dylan/lifprojet/projet-creation-de-ville/builds/debug"/>
					<Add directory="/home/dylan/lifprojet/cgal/AABB_tree/include"/>
					<Add directory="/home/dylan/lifprojet/cgal/Advancing_front_surface_reconstruction/include"/>
					<Add directory="/home/dylan/lifprojet/cgal/Algebraic_foundations/include"/>
					<Add directory="/home/dylan/lifprojet/cgal/Algebraic_kernel_d/include"/>
					<Add directory="/home/dylan/lifprojet/cgal/Algebraic_kernel_for_circles/include"/>
					<Add directory="/home/dylan/lifprojet/cgal/Algebraic_kernel_for_spheres/include"/>
					<Add directory="/home/dylan/lifprojet/cgal/Alpha_shapes_2/include"/>
					<Add directory="/home/dylan/lifprojet/cgal/Alpha_shapes_3/include"/>
					<Add directory="/home/dylan/lifprojet/cgal/Apollonius_graph_2/include"/>
					<Add directory="/home/dylan/lifprojet/cgal/Arithmetic_kernel/include"/>
					<Add directory="/home/dylan/lifprojet/cgal/Arrangement_on_surface_2/include"/>
					<Add directory="/home/dylan/lifprojet/cgal/BGL/include"/>
					<Add directory="/home/dylan/lifprojet/cgal/Barycentric_coordinates_2/include"/>
					<Add directory="/home/dylan/lifprojet/cgal/Boolean_set_operations_2/include"/>
					<Add directory="/home/dylan/lifprojet/cgal/Bounding_volumes/include"/>
					<Add directory="/home/dylan/lifprojet/cgal/Box_intersection_d/include"/>
					<Add directory="/home/dylan/lifprojet/cgal/CGAL_Core/include"/>
					<Add directory="/home/dylan/lifprojet/cgal/CGAL_ImageIO/include"/>
					<Add directory="/home/dylan/lifprojet/cgal/CGAL_ipelets/include"/>
					<Add directory="/home/dylan/lifprojet/cgal/Cartesian_kernel/include"/>
					<Add directory="/home/dylan/lifprojet/cgal/Circular_kernel_2/include"/>
					<Add directory="/home/dylan/lifprojet/cgal/Circular_kernel_3/include"/>
					<Add directory="/home/dylan/lifprojet/cgal/Circulator/include"/>
					<Add directory="/home/dylan/lifprojet/cgal/Classification/include"/>
					<Add directory="/home/dylan/lifprojet/cgal/Combinatorial_map/include"/>
					<Add directory="/home/dylan/lifprojet/cgal/Cone_spanners_2/include"/>
					<Add directory="/home/dylan/lifprojet/cgal/Convex_decomposition_3/include"/>
					<Add directory="/home/dylan/lifprojet/cgal/Convex_hull_2/include"/>
					<Add directory="/home/dylan/lifprojet/cgal/Convex_hull_3/include"/>
					<Add directory="/home/dylan/lifprojet/cgal/Convex_hull_d/include"/>
					<Add directory="/home/dylan/lifprojet/cgal/Distance_2/include"/>
					<Add directory="/home/dylan/lifprojet/cgal/Distance_3/include"/>
					<Add directory="/home/dylan/lifprojet/cgal/Envelope_2/include"/>
					<Add directory="/home/dylan/lifprojet/cgal/Envelope_3/include"/>
					<Add directory="/home/dylan/lifprojet/cgal/Filtered_kernel/include"/>
					<Add directory="/home/dylan/lifprojet/cgal/Generalized_map/include"/>
					<Add directory="/home/dylan/lifprojet/cgal/Generator/include"/>
					<Add directory="/home/dylan/lifprojet/cgal/Geomview/include"/>
					<Add directory="/home/dylan/lifprojet/cgal/GraphicsView/include"/>
					<Add directory="/home/dylan/lifprojet/cgal/HalfedgeDS/include"/>
					<Add directory="/home/dylan/lifprojet/cgal/Hash_map/include"/>
					<Add directory="/home/dylan/lifprojet/cgal/Heat_method_3/include"/>
					<Add directory="/home/dylan/lifprojet/cgal/Homogeneous_kernel/include"/>
					<Add directory="/home/dylan/lifprojet/cgal/Hyperbolic_triangulation_2/include"/>
					<Add directory="/home/dylan/lifprojet/cgal/Inscribed_areas/include"/>
					<Add directory="/home/dylan/lifprojet/cgal/Installation/include"/>
					<Add directory="/home/dylan/lifprojet/cgal/Interpolation/include"/>
					<Add directory="/home/dylan/lifprojet/cgal/Intersections_2/include"/>
					<Add directory="/home/dylan/lifprojet/cgal/Intersections_3/include"/>
					<Add directory="/home/dylan/lifprojet/cgal/Interval_skip_list/include"/>
					<Add directory="/home/dylan/lifprojet/cgal/Interval_support/include"/>
					<Add directory="/home/dylan/lifprojet/cgal/Jet_fitting_3/include"/>
					<Add directory="/home/dylan/lifprojet/cgal/Kernel_23/include"/>
					<Add directory="/home/dylan/lifprojet/cgal/Kernel_d/include"/>
					<Add directory="/home/dylan/lifprojet/cgal/LEDA/include"/>
					<Add directory="/home/dylan/lifprojet/cgal/Linear_cell_complex/include"/>
					<Add directory="/home/dylan/lifprojet/cgal/Matrix_search/include"/>
					<Add directory="/home/dylan/lifprojet/cgal/Mesh_2/include"/>
					<Add directory="/home/dylan/lifprojet/cgal/Mesh_3/include"/>
					<Add directory="/home/dylan/lifprojet/cgal/Mesher_level/include"/>
					<Add directory="/home/dylan/lifprojet/cgal/Minkowski_sum_2/include"/>
					<Add directory="/home/dylan/lifprojet/cgal/Minkowski_sum_3/include"/>
					<Add directory="/home/dylan/lifprojet/cgal/Modifier/include"/>
					<Add directory="/home/dylan/lifprojet/cgal/Modular_arithmetic/include"/>
					<Add directory="/home/dylan/lifprojet/cgal/Nef_2/include"/>
					<Add directory="/home/dylan/lifprojet/cgal/Nef_3/include"/>
					<Add directory="/home/dylan/lifprojet/cgal/Nef_S2/include"/>
					<Add directory="/home/dylan/lifprojet/cgal/NewKernel_d/include"/>
					<Add directory="/home/dylan/lifprojet/cgal/Number_types/include"/>
					<Add directory="/home/dylan/lifprojet/cgal/OpenNL/include"/>
					<Add directory="/home/dylan/lifprojet/cgal/Optimal_bounding_box/include"/>
					<Add directory="/home/dylan/lifprojet/cgal/Optimal_transportation_reconstruction_2/include"/>
					<Add directory="/home/dylan/lifprojet/cgal/Optimisation_basic/include"/>
					<Add directory="/home/dylan/lifprojet/cgal/Orthtree/include"/>
					<Add directory="/home/dylan/lifprojet/cgal/Partition_2/include"/>
					<Add directory="/home/dylan/lifprojet/cgal/Periodic_2_triangulation_2/include"/>
					<Add directory="/home/dylan/lifprojet/cgal/Periodic_3_mesh_3/include"/>
					<Add directory="/home/dylan/lifprojet/cgal/Periodic_3_triangulation_3/include"/>
					<Add directory="/home/dylan/lifprojet/cgal/Periodic_4_hyperbolic_triangulation_2/include"/>
					<Add directory="/home/dylan/lifprojet/cgal/Point_set_2/include"/>
					<Add directory="/home/dylan/lifprojet/cgal/Point_set_3/include"/>
					<Add directory="/home/dylan/lifprojet/cgal/Point_set_processing_3/include"/>
					<Add directory="/home/dylan/lifprojet/cgal/Poisson_surface_reconstruction_3/include"/>
					<Add directory="/home/dylan/lifprojet/cgal/Polygon/include"/>
					<Add directory="/home/dylan/lifprojet/cgal/Polygon_mesh_processing/include"/>
					<Add directory="/home/dylan/lifprojet/cgal/Polygonal_surface_reconstruction/include"/>
					<Add directory="/home/dylan/lifprojet/cgal/Polyhedron/include"/>
					<Add directory="/home/dylan/lifprojet/cgal/Polyline_simplification_2/include"/>
					<Add directory="/home/dylan/lifprojet/cgal/Polynomial/include"/>
					<Add directory="/home/dylan/lifprojet/cgal/Polytope_distance_d/include"/>
					<Add directory="/home/dylan/lifprojet/cgal/Principal_component_analysis/include"/>
					<Add directory="/home/dylan/lifprojet/cgal/Principal_component_analysis_LGPL/include"/>
					<Add directory="/home/dylan/lifprojet/cgal/Profiling_tools/include"/>
					<Add directory="/home/dylan/lifprojet/cgal/Property_map/include"/>
					<Add directory="/home/dylan/lifprojet/cgal/QP_solver/include"/>
					<Add directory="/home/dylan/lifprojet/cgal/Random_numbers/include"/>
					<Add directory="/home/dylan/lifprojet/cgal/Ridges_3/include"/>
					<Add directory="/home/dylan/lifprojet/cgal/STL_Extension/include"/>
					<Add directory="/home/dylan/lifprojet/cgal/Scale_space_reconstruction_3/include"/>
					<Add directory="/home/dylan/lifprojet/cgal/SearchStructures/include"/>
					<Add directory="/home/dylan/lifprojet/cgal/Segment_Delaunay_graph_2/include"/>
					<Add directory="/home/dylan/lifprojet/cgal/Segment_Delaunay_graph_Linf_2/include"/>
					<Add directory="/home/dylan/lifprojet/cgal/Set_movable_separability_2/include"/>
					<Add directory="/home/dylan/lifprojet/cgal/Shape_detection/include"/>
					<Add directory="/home/dylan/lifprojet/cgal/Shape_regularization/include"/>
					<Add directory="/home/dylan/lifprojet/cgal/Skin_surface_3/include"/>
					<Add directory="/home/dylan/lifprojet/cgal/Snap_rounding_2/include"/>
					<Add directory="/home/dylan/lifprojet/cgal/Solver_interface/include"/>
					<Add directory="/home/dylan/lifprojet/cgal/Spatial_searching/include"/>
					<Add directory="/home/dylan/lifprojet/cgal/Spatial_sorting/include"/>
					<Add directory="/home/dylan/lifprojet/cgal/Straight_skeleton_2/include"/>
					<Add directory="/home/dylan/lifprojet/cgal/Stream_lines_2/include"/>
					<Add directory="/home/dylan/lifprojet/cgal/Stream_support/include"/>
					<Add directory="/home/dylan/lifprojet/cgal/Subdivision_method_3/include"/>
					<Add directory="/home/dylan/lifprojet/cgal/Surface_mesh/include"/>
					<Add directory="/home/dylan/lifprojet/cgal/Surface_mesh_approximation/include"/>
					<Add directory="/home/dylan/lifprojet/cgal/Surface_mesh_deformation/include"/>
					<Add directory="/home/dylan/lifprojet/cgal/Surface_mesh_parameterization/include"/>
					<Add directory="/home/dylan/lifprojet/cgal/Surface_mesh_segmentation/include"/>
					<Add directory="/home/dylan/lifprojet/cgal/Surface_mesh_shortest_path/include"/>
					<Add directory="/home/dylan/lifprojet/cgal/Surface_mesh_simplification/include"/>
					<Add directory="/home/dylan/lifprojet/cgal/Surface_mesh_skeletonization/include"/>
					<Add directory="/home/dylan/lifprojet/cgal/Surface_mesh_topology/include"/>
					<Add directory="/home/dylan/lifprojet/cgal/Surface_mesher/include"/>
					<Add directory="/home/dylan/lifprojet/cgal/Surface_sweep_2/include"/>
					<Add directory="/home/dylan/lifprojet/cgal/TDS_2/include"/>
					<Add directory="/home/dylan/lifprojet/cgal/TDS_3/include"/>
					<Add directory="/home/dylan/lifprojet/cgal/Testsuite/include"/>
					<Add directory="/home/dylan/lifprojet/cgal/Tetrahedral_remeshing/include"/>
					<Add directory="/home/dylan/lifprojet/cgal/Three/include"/>
					<Add directory="/home/dylan/lifprojet/cgal/Triangulation/include"/>
					<Add directory="/home/dylan/lifprojet/cgal/Triangulation_2/include"/>
					<Add directory="/home/dylan/lifprojet/cgal/Triangulation_3/include"/>
					<Add directory="/home/dylan/lifprojet/cgal/Triangulation_on_sphere_2/include"/>
					<Add directory="/home/dylan/lifprojet/cgal/Union_find/include"/>
					<Add directory="/home/dylan/lifprojet/cgal/Visibility_2/include"/>
					<Add directory="/home/dylan/lifprojet/cgal/Voronoi_diagram_2/include"/>
					<Add directory="/home/dylan/lifprojet/cgal/Weights/include"/>
					<Add directory="/usr/include/x86_64-linux-gnu/qt5"/>
					<Add directory="/usr/include/x86_64-linux-gnu/qt5/QtWidgets"/>
					<Add directory="/usr/include/x86_64-linux-gnu/qt5/QtGui"/>
					<Add directory="/usr/include/x86_64-linux-gnu/qt5/QtCore"/>
					<Add directory="/usr/lib/x86_64-linux-gnu/qt5/mkspecs/linux-g++"/>
					<Add directory="/usr/include/x86_64-linux-gnu/qt5/QtOpenGL"/>
					<Add directory="/usr/include/x86_64-linux-gnu/qt5/QtSvg"/>
					<Add directory="/usr/include/c++/9"/>
					<Add directory="/usr/include/x86_64-linux-gnu/c++/9"/>
					<Add directory="/usr/include/c++/9/backward"/>
					<Add directory="/usr/lib/gcc/x86_64-linux-gnu/9/include"/>
					<Add directory="/usr/local/include"/>
					<Add directory="/usr/include/x86_64-linux-gnu"/>
					<Add directory="/usr/include"/>
				</Compiler>
				<MakeCommands>
					<Build command="/usr/bin/make -j6 -f &quot;/home/dylan/lifprojet/projet-creation-de-ville/builds/debug/Makefile&quot;  VERBOSE=1 MyExec/fast"/>
					<CompileFile command="/usr/bin/make -j6 -f &quot;/home/dylan/lifprojet/projet-creation-de-ville/builds/debug/Makefile&quot;  VERBOSE=1 &quot;$file&quot;"/>
					<Clean command="/usr/bin/make -j6 -f &quot;/home/dylan/lifprojet/projet-creation-de-ville/builds/debug/Makefile&quot;  VERBOSE=1 clean"/>
					<DistClean command="/usr/bin/make -j6 -f &quot;/home/dylan/lifprojet/projet-creation-de-ville/builds/debug/Makefile&quot;  VERBOSE=1 clean"/>
				</MakeCommands>
			</Target>
			<Target title="CGAL_Qt5_moc_and_resources">
				<Option output="/home/dylan/lifprojet/projet-creation-de-ville/builds/debug/libCGAL_Qt5_moc_and_resources.a" prefix_auto="0" extension_auto="0"/>
				<Option working_dir="/home/dylan/lifprojet/projet-creation-de-ville/builds/debug"/>
				<Option object_output="./"/>
				<Option type="2"/>
				<Option compiler="gcc"/>
				<Compiler>
					<Add option="-DCGAL_USE_BASIC_VIEWER"/>
					<Add option="-DQT_NO_KEYWORDS"/>
					<Add option="-DCGAL_USE_GMPXX=1"/>
					<Add option="-DBOOST_ALL_NO_LIB"/>
					<Add option="-DQT_WIDGETS_LIB"/>
					<Add option="-DQT_GUI_LIB"/>
					<Add option="-DQT_CORE_LIB"/>
					<Add option="-DQT_OPENGL_LIB"/>
					<Add option="-DQT_SVG_LIB"/>
					<Add directory="/home/dylan/lifprojet/projet-creation-de-ville/builds/debug/CGAL_Qt5_moc_and_resources_autogen/include"/>
					<Add directory="/home/dylan/lifprojet/projet-creation-de-ville/builds/debug"/>
					<Add directory="/home/dylan/lifprojet/cgal/AABB_tree/include"/>
					<Add directory="/home/dylan/lifprojet/cgal/Advancing_front_surface_reconstruction/include"/>
					<Add directory="/home/dylan/lifprojet/cgal/Algebraic_foundations/include"/>
					<Add directory="/home/dylan/lifprojet/cgal/Algebraic_kernel_d/include"/>
					<Add directory="/home/dylan/lifprojet/cgal/Algebraic_kernel_for_circles/include"/>
					<Add directory="/home/dylan/lifprojet/cgal/Algebraic_kernel_for_spheres/include"/>
					<Add directory="/home/dylan/lifprojet/cgal/Alpha_shapes_2/include"/>
					<Add directory="/home/dylan/lifprojet/cgal/Alpha_shapes_3/include"/>
					<Add directory="/home/dylan/lifprojet/cgal/Apollonius_graph_2/include"/>
					<Add directory="/home/dylan/lifprojet/cgal/Arithmetic_kernel/include"/>
					<Add directory="/home/dylan/lifprojet/cgal/Arrangement_on_surface_2/include"/>
					<Add directory="/home/dylan/lifprojet/cgal/BGL/include"/>
					<Add directory="/home/dylan/lifprojet/cgal/Barycentric_coordinates_2/include"/>
					<Add directory="/home/dylan/lifprojet/cgal/Boolean_set_operations_2/include"/>
					<Add directory="/home/dylan/lifprojet/cgal/Bounding_volumes/include"/>
					<Add directory="/home/dylan/lifprojet/cgal/Box_intersection_d/include"/>
					<Add directory="/home/dylan/lifprojet/cgal/CGAL_Core/include"/>
					<Add directory="/home/dylan/lifprojet/cgal/CGAL_ImageIO/include"/>
					<Add directory="/home/dylan/lifprojet/cgal/CGAL_ipelets/include"/>
					<Add directory="/home/dylan/lifprojet/cgal/Cartesian_kernel/include"/>
					<Add directory="/home/dylan/lifprojet/cgal/Circular_kernel_2/include"/>
					<Add directory="/home/dylan/lifprojet/cgal/Circular_kernel_3/include"/>
					<Add directory="/home/dylan/lifprojet/cgal/Circulator/include"/>
					<Add directory="/home/dylan/lifprojet/cgal/Classification/include"/>
					<Add directory="/home/dylan/lifprojet/cgal/Combinatorial_map/include"/>
					<Add directory="/home/dylan/lifprojet/cgal/Cone_spanners_2/include"/>
					<Add directory="/home/dylan/lifprojet/cgal/Convex_decomposition_3/include"/>
					<Add directory="/home/dylan/lifprojet/cgal/Convex_hull_2/include"/>
					<Add directory="/home/dylan/lifprojet/cgal/Convex_hull_3/include"/>
					<Add directory="/home/dylan/lifprojet/cgal/Convex_hull_d/include"/>
					<Add directory="/home/dylan/lifprojet/cgal/Distance_2/include"/>
					<Add directory="/home/dylan/lifprojet/cgal/Distance_3/include"/>
					<Add directory="/home/dylan/lifprojet/cgal/Envelope_2/include"/>
					<Add directory="/home/dylan/lifprojet/cgal/Envelope_3/include"/>
					<Add directory="/home/dylan/lifprojet/cgal/Filtered_kernel/include"/>
					<Add directory="/home/dylan/lifprojet/cgal/Generalized_map/include"/>
					<Add directory="/home/dylan/lifprojet/cgal/Generator/include"/>
					<Add directory="/home/dylan/lifprojet/cgal/Geomview/include"/>
					<Add directory="/home/dylan/lifprojet/cgal/GraphicsView/include"/>
					<Add directory="/home/dylan/lifprojet/cgal/HalfedgeDS/include"/>
					<Add directory="/home/dylan/lifprojet/cgal/Hash_map/include"/>
					<Add directory="/home/dylan/lifprojet/cgal/Heat_method_3/include"/>
					<Add directory="/home/dylan/lifprojet/cgal/Homogeneous_kernel/include"/>
					<Add directory="/home/dylan/lifprojet/cgal/Hyperbolic_triangulation_2/include"/>
					<Add directory="/home/dylan/lifprojet/cgal/Inscribed_areas/include"/>
					<Add directory="/home/dylan/lifprojet/cgal/Installation/include"/>
					<Add directory="/home/dylan/lifprojet/cgal/Interpolation/include"/>
					<Add directory="/home/dylan/lifprojet/cgal/Intersections_2/include"/>
					<Add directory="/home/dylan/lifprojet/cgal/Intersections_3/include"/>
					<Add directory="/home/dylan/lifprojet/cgal/Interval_skip_list/include"/>
					<Add directory="/home/dylan/lifprojet/cgal/Interval_support/include"/>
					<Add directory="/home/dylan/lifprojet/cgal/Jet_fitting_3/include"/>
					<Add directory="/home/dylan/lifprojet/cgal/Kernel_23/include"/>
					<Add directory="/home/dylan/lifprojet/cgal/Kernel_d/include"/>
					<Add directory="/home/dylan/lifprojet/cgal/LEDA/include"/>
					<Add directory="/home/dylan/lifprojet/cgal/Linear_cell_complex/include"/>
					<Add directory="/home/dylan/lifprojet/cgal/Matrix_search/include"/>
					<Add directory="/home/dylan/lifprojet/cgal/Mesh_2/include"/>
					<Add directory="/home/dylan/lifprojet/cgal/Mesh_3/include"/>
					<Add directory="/home/dylan/lifprojet/cgal/Mesher_level/include"/>
					<Add directory="/home/dylan/lifprojet/cgal/Minkowski_sum_2/include"/>
					<Add directory="/home/dylan/lifprojet/cgal/Minkowski_sum_3/include"/>
					<Add directory="/home/dylan/lifprojet/cgal/Modifier/include"/>
					<Add directory="/home/dylan/lifprojet/cgal/Modular_arithmetic/include"/>
					<Add directory="/home/dylan/lifprojet/cgal/Nef_2/include"/>
					<Add directory="/home/dylan/lifprojet/cgal/Nef_3/include"/>
					<Add directory="/home/dylan/lifprojet/cgal/Nef_S2/include"/>
					<Add directory="/home/dylan/lifprojet/cgal/NewKernel_d/include"/>
					<Add directory="/home/dylan/lifprojet/cgal/Number_types/include"/>
					<Add directory="/home/dylan/lifprojet/cgal/OpenNL/include"/>
					<Add directory="/home/dylan/lifprojet/cgal/Optimal_bounding_box/include"/>
					<Add directory="/home/dylan/lifprojet/cgal/Optimal_transportation_reconstruction_2/include"/>
					<Add directory="/home/dylan/lifprojet/cgal/Optimisation_basic/include"/>
					<Add directory="/home/dylan/lifprojet/cgal/Orthtree/include"/>
					<Add directory="/home/dylan/lifprojet/cgal/Partition_2/include"/>
					<Add directory="/home/dylan/lifprojet/cgal/Periodic_2_triangulation_2/include"/>
					<Add directory="/home/dylan/lifprojet/cgal/Periodic_3_mesh_3/include"/>
					<Add directory="/home/dylan/lifprojet/cgal/Periodic_3_triangulation_3/include"/>
					<Add directory="/home/dylan/lifprojet/cgal/Periodic_4_hyperbolic_triangulation_2/include"/>
					<Add directory="/home/dylan/lifprojet/cgal/Point_set_2/include"/>
					<Add directory="/home/dylan/lifprojet/cgal/Point_set_3/include"/>
					<Add directory="/home/dylan/lifprojet/cgal/Point_set_processing_3/include"/>
					<Add directory="/home/dylan/lifprojet/cgal/Poisson_surface_reconstruction_3/include"/>
					<Add directory="/home/dylan/lifprojet/cgal/Polygon/include"/>
					<Add directory="/home/dylan/lifprojet/cgal/Polygon_mesh_processing/include"/>
					<Add directory="/home/dylan/lifprojet/cgal/Polygonal_surface_reconstruction/include"/>
					<Add directory="/home/dylan/lifprojet/cgal/Polyhedron/include"/>
					<Add directory="/home/dylan/lifprojet/cgal/Polyline_simplification_2/include"/>
					<Add directory="/home/dylan/lifprojet/cgal/Polynomial/include"/>
					<Add directory="/home/dylan/lifprojet/cgal/Polytope_distance_d/include"/>
					<Add directory="/home/dylan/lifprojet/cgal/Principal_component_analysis/include"/>
					<Add directory="/home/dylan/lifprojet/cgal/Principal_component_analysis_LGPL/include"/>
					<Add directory="/home/dylan/lifprojet/cgal/Profiling_tools/include"/>
					<Add directory="/home/dylan/lifprojet/cgal/Property_map/include"/>
					<Add directory="/home/dylan/lifprojet/cgal/QP_solver/include"/>
					<Add directory="/home/dylan/lifprojet/cgal/Random_numbers/include"/>
					<Add directory="/home/dylan/lifprojet/cgal/Ridges_3/include"/>
					<Add directory="/home/dylan/lifprojet/cgal/STL_Extension/include"/>
					<Add directory="/home/dylan/lifprojet/cgal/Scale_space_reconstruction_3/include"/>
					<Add directory="/home/dylan/lifprojet/cgal/SearchStructures/include"/>
					<Add directory="/home/dylan/lifprojet/cgal/Segment_Delaunay_graph_2/include"/>
					<Add directory="/home/dylan/lifprojet/cgal/Segment_Delaunay_graph_Linf_2/include"/>
					<Add directory="/home/dylan/lifprojet/cgal/Set_movable_separability_2/include"/>
					<Add directory="/home/dylan/lifprojet/cgal/Shape_detection/include"/>
					<Add directory="/home/dylan/lifprojet/cgal/Shape_regularization/include"/>
					<Add directory="/home/dylan/lifprojet/cgal/Skin_surface_3/include"/>
					<Add directory="/home/dylan/lifprojet/cgal/Snap_rounding_2/include"/>
					<Add directory="/home/dylan/lifprojet/cgal/Solver_interface/include"/>
					<Add directory="/home/dylan/lifprojet/cgal/Spatial_searching/include"/>
					<Add directory="/home/dylan/lifprojet/cgal/Spatial_sorting/include"/>
					<Add directory="/home/dylan/lifprojet/cgal/Straight_skeleton_2/include"/>
					<Add directory="/home/dylan/lifprojet/cgal/Stream_lines_2/include"/>
					<Add directory="/home/dylan/lifprojet/cgal/Stream_support/include"/>
					<Add directory="/home/dylan/lifprojet/cgal/Subdivision_method_3/include"/>
					<Add directory="/home/dylan/lifprojet/cgal/Surface_mesh/include"/>
					<Add directory="/home/dylan/lifprojet/cgal/Surface_mesh_approximation/include"/>
					<Add directory="/home/dylan/lifprojet/cgal/Surface_mesh_deformation/include"/>
					<Add directory="/home/dylan/lifprojet/cgal/Surface_mesh_parameterization/include"/>
					<Add directory="/home/dylan/lifprojet/cgal/Surface_mesh_segmentation/include"/>
					<Add directory="/home/dylan/lifprojet/cgal/Surface_mesh_shortest_path/include"/>
					<Add directory="/home/dylan/lifprojet/cgal/Surface_mesh_simplification/include"/>
					<Add directory="/home/dylan/lifprojet/cgal/Surface_mesh_skeletonization/include"/>
					<Add directory="/home/dylan/lifprojet/cgal/Surface_mesh_topology/include"/>
					<Add directory="/home/dylan/lifprojet/cgal/Surface_mesher/include"/>
					<Add directory="/home/dylan/lifprojet/cgal/Surface_sweep_2/include"/>
					<Add directory="/home/dylan/lifprojet/cgal/TDS_2/include"/>
					<Add directory="/home/dylan/lifprojet/cgal/TDS_3/include"/>
					<Add directory="/home/dylan/lifprojet/cgal/Testsuite/include"/>
					<Add directory="/home/dylan/lifprojet/cgal/Tetrahedral_remeshing/include"/>
					<Add directory="/home/dylan/lifprojet/cgal/Three/include"/>
					<Add directory="/home/dylan/lifprojet/cgal/Triangulation/include"/>
					<Add directory="/home/dylan/lifprojet/cgal/Triangulation_2/include"/>
					<Add directory="/home/dylan/lifprojet/cgal/Triangulation_3/include"/>
					<Add directory="/home/dylan/lifprojet/cgal/Triangulation_on_sphere_2/include"/>
					<Add directory="/home/dylan/lifprojet/cgal/Union_find/include"/>
					<Add directory="/home/dylan/lifprojet/cgal/Visibility_2/include"/>
					<Add directory="/home/dylan/lifprojet/cgal/Voronoi_diagram_2/include"/>
					<Add directory="/home/dylan/lifprojet/cgal/Weights/include"/>
					<Add directory="/usr/include/x86_64-linux-gnu/qt5"/>
					<Add directory="/usr/include/x86_64-linux-gnu/qt5/QtWidgets"/>
					<Add directory="/usr/include/x86_64-linux-gnu/qt5/QtGui"/>
					<Add directory="/usr/include/x86_64-linux-gnu/qt5/QtCore"/>
					<Add directory="/usr/lib/x86_64-linux-gnu/qt5/mkspecs/linux-g++"/>
					<Add directory="/usr/include/x86_64-linux-gnu/qt5/QtOpenGL"/>
					<Add directory="/usr/include/x86_64-linux-gnu/qt5/QtSvg"/>
					<Add directory="/usr/include/c++/9"/>
					<Add directory="/usr/include/x86_64-linux-gnu/c++/9"/>
					<Add directory="/usr/include/c++/9/backward"/>
					<Add directory="/usr/lib/gcc/x86_64-linux-gnu/9/include"/>
					<Add directory="/usr/local/include"/>
					<Add directory="/usr/include/x86_64-linux-gnu"/>
					<Add directory="/usr/include"/>
				</Compiler>
				<MakeCommands>
					<Build command="/usr/bin/make -j6 -f &quot;/home/dylan/lifprojet/projet-creation-de-ville/builds/debug/Makefile&quot;  VERBOSE=1 CGAL_Qt5_moc_and_resources"/>
					<CompileFile command="/usr/bin/make -j6 -f &quot;/home/dylan/lifprojet/projet-creation-de-ville/builds/debug/Makefile&quot;  VERBOSE=1 &quot;$file&quot;"/>
					<Clean command="/usr/bin/make -j6 -f &quot;/home/dylan/lifprojet/projet-creation-de-ville/builds/debug/Makefile&quot;  VERBOSE=1 clean"/>
					<DistClean command="/usr/bin/make -j6 -f &quot;/home/dylan/lifprojet/projet-creation-de-ville/builds/debug/Makefile&quot;  VERBOSE=1 clean"/>
				</MakeCommands>
			</Target>
			<Target title="CGAL_Qt5_moc_and_resources/fast">
				<Option output="/home/dylan/lifprojet/projet-creation-de-ville/builds/debug/libCGAL_Qt5_moc_and_resources.a" prefix_auto="0" extension_auto="0"/>
				<Option working_dir="/home/dylan/lifprojet/projet-creation-de-ville/builds/debug"/>
				<Option object_output="./"/>
				<Option type="2"/>
				<Option compiler="gcc"/>
				<Compiler>
					<Add option="-DCGAL_USE_BASIC_VIEWER"/>
					<Add option="-DQT_NO_KEYWORDS"/>
					<Add option="-DCGAL_USE_GMPXX=1"/>
					<Add option="-DBOOST_ALL_NO_LIB"/>
					<Add option="-DQT_WIDGETS_LIB"/>
					<Add option="-DQT_GUI_LIB"/>
					<Add option="-DQT_CORE_LIB"/>
					<Add option="-DQT_OPENGL_LIB"/>
					<Add option="-DQT_SVG_LIB"/>
					<Add directory="/home/dylan/lifprojet/projet-creation-de-ville/builds/debug/CGAL_Qt5_moc_and_resources_autogen/include"/>
					<Add directory="/home/dylan/lifprojet/projet-creation-de-ville/builds/debug"/>
					<Add directory="/home/dylan/lifprojet/cgal/AABB_tree/include"/>
					<Add directory="/home/dylan/lifprojet/cgal/Advancing_front_surface_reconstruction/include"/>
					<Add directory="/home/dylan/lifprojet/cgal/Algebraic_foundations/include"/>
					<Add directory="/home/dylan/lifprojet/cgal/Algebraic_kernel_d/include"/>
					<Add directory="/home/dylan/lifprojet/cgal/Algebraic_kernel_for_circles/include"/>
					<Add directory="/home/dylan/lifprojet/cgal/Algebraic_kernel_for_spheres/include"/>
					<Add directory="/home/dylan/lifprojet/cgal/Alpha_shapes_2/include"/>
					<Add directory="/home/dylan/lifprojet/cgal/Alpha_shapes_3/include"/>
					<Add directory="/home/dylan/lifprojet/cgal/Apollonius_graph_2/include"/>
					<Add directory="/home/dylan/lifprojet/cgal/Arithmetic_kernel/include"/>
					<Add directory="/home/dylan/lifprojet/cgal/Arrangement_on_surface_2/include"/>
					<Add directory="/home/dylan/lifprojet/cgal/BGL/include"/>
					<Add directory="/home/dylan/lifprojet/cgal/Barycentric_coordinates_2/include"/>
					<Add directory="/home/dylan/lifprojet/cgal/Boolean_set_operations_2/include"/>
					<Add directory="/home/dylan/lifprojet/cgal/Bounding_volumes/include"/>
					<Add directory="/home/dylan/lifprojet/cgal/Box_intersection_d/include"/>
					<Add directory="/home/dylan/lifprojet/cgal/CGAL_Core/include"/>
					<Add directory="/home/dylan/lifprojet/cgal/CGAL_ImageIO/include"/>
					<Add directory="/home/dylan/lifprojet/cgal/CGAL_ipelets/include"/>
					<Add directory="/home/dylan/lifprojet/cgal/Cartesian_kernel/include"/>
					<Add directory="/home/dylan/lifprojet/cgal/Circular_kernel_2/include"/>
					<Add directory="/home/dylan/lifprojet/cgal/Circular_kernel_3/include"/>
					<Add directory="/home/dylan/lifprojet/cgal/Circulator/include"/>
					<Add directory="/home/dylan/lifprojet/cgal/Classification/include"/>
					<Add directory="/home/dylan/lifprojet/cgal/Combinatorial_map/include"/>
					<Add directory="/home/dylan/lifprojet/cgal/Cone_spanners_2/include"/>
					<Add directory="/home/dylan/lifprojet/cgal/Convex_decomposition_3/include"/>
					<Add directory="/home/dylan/lifprojet/cgal/Convex_hull_2/include"/>
					<Add directory="/home/dylan/lifprojet/cgal/Convex_hull_3/include"/>
					<Add directory="/home/dylan/lifprojet/cgal/Convex_hull_d/include"/>
					<Add directory="/home/dylan/lifprojet/cgal/Distance_2/include"/>
					<Add directory="/home/dylan/lifprojet/cgal/Distance_3/include"/>
					<Add directory="/home/dylan/lifprojet/cgal/Envelope_2/include"/>
					<Add directory="/home/dylan/lifprojet/cgal/Envelope_3/include"/>
					<Add directory="/home/dylan/lifprojet/cgal/Filtered_kernel/include"/>
					<Add directory="/home/dylan/lifprojet/cgal/Generalized_map/include"/>
					<Add directory="/home/dylan/lifprojet/cgal/Generator/include"/>
					<Add directory="/home/dylan/lifprojet/cgal/Geomview/include"/>
					<Add directory="/home/dylan/lifprojet/cgal/GraphicsView/include"/>
					<Add directory="/home/dylan/lifprojet/cgal/HalfedgeDS/include"/>
					<Add directory="/home/dylan/lifprojet/cgal/Hash_map/include"/>
					<Add directory="/home/dylan/lifprojet/cgal/Heat_method_3/include"/>
					<Add directory="/home/dylan/lifprojet/cgal/Homogeneous_kernel/include"/>
					<Add directory="/home/dylan/lifprojet/cgal/Hyperbolic_triangulation_2/include"/>
					<Add directory="/home/dylan/lifprojet/cgal/Inscribed_areas/include"/>
					<Add directory="/home/dylan/lifprojet/cgal/Installation/include"/>
					<Add directory="/home/dylan/lifprojet/cgal/Interpolation/include"/>
					<Add directory="/home/dylan/lifprojet/cgal/Intersections_2/include"/>
					<Add directory="/home/dylan/lifprojet/cgal/Intersections_3/include"/>
					<Add directory="/home/dylan/lifprojet/cgal/Interval_skip_list/include"/>
					<Add directory="/home/dylan/lifprojet/cgal/Interval_support/include"/>
					<Add directory="/home/dylan/lifprojet/cgal/Jet_fitting_3/include"/>
					<Add directory="/home/dylan/lifprojet/cgal/Kernel_23/include"/>
					<Add directory="/home/dylan/lifprojet/cgal/Kernel_d/include"/>
					<Add directory="/home/dylan/lifprojet/cgal/LEDA/include"/>
					<Add directory="/home/dylan/lifprojet/cgal/Linear_cell_complex/include"/>
					<Add directory="/home/dylan/lifprojet/cgal/Matrix_search/include"/>
					<Add directory="/home/dylan/lifprojet/cgal/Mesh_2/include"/>
					<Add directory="/home/dylan/lifprojet/cgal/Mesh_3/include"/>
					<Add directory="/home/dylan/lifprojet/cgal/Mesher_level/include"/>
					<Add directory="/home/dylan/lifprojet/cgal/Minkowski_sum_2/include"/>
					<Add directory="/home/dylan/lifprojet/cgal/Minkowski_sum_3/include"/>
					<Add directory="/home/dylan/lifprojet/cgal/Modifier/include"/>
					<Add directory="/home/dylan/lifprojet/cgal/Modular_arithmetic/include"/>
					<Add directory="/home/dylan/lifprojet/cgal/Nef_2/include"/>
					<Add directory="/home/dylan/lifprojet/cgal/Nef_3/include"/>
					<Add directory="/home/dylan/lifprojet/cgal/Nef_S2/include"/>
					<Add directory="/home/dylan/lifprojet/cgal/NewKernel_d/include"/>
					<Add directory="/home/dylan/lifprojet/cgal/Number_types/include"/>
					<Add directory="/home/dylan/lifprojet/cgal/OpenNL/include"/>
					<Add directory="/home/dylan/lifprojet/cgal/Optimal_bounding_box/include"/>
					<Add directory="/home/dylan/lifprojet/cgal/Optimal_transportation_reconstruction_2/include"/>
					<Add directory="/home/dylan/lifprojet/cgal/Optimisation_basic/include"/>
					<Add directory="/home/dylan/lifprojet/cgal/Orthtree/include"/>
					<Add directory="/home/dylan/lifprojet/cgal/Partition_2/include"/>
					<Add directory="/home/dylan/lifprojet/cgal/Periodic_2_triangulation_2/include"/>
					<Add directory="/home/dylan/lifprojet/cgal/Periodic_3_mesh_3/include"/>
					<Add directory="/home/dylan/lifprojet/cgal/Periodic_3_triangulation_3/include"/>
					<Add directory="/home/dylan/lifprojet/cgal/Periodic_4_hyperbolic_triangulation_2/include"/>
					<Add directory="/home/dylan/lifprojet/cgal/Point_set_2/include"/>
					<Add directory="/home/dylan/lifprojet/cgal/Point_set_3/include"/>
					<Add directory="/home/dylan/lifprojet/cgal/Point_set_processing_3/include"/>
					<Add directory="/home/dylan/lifprojet/cgal/Poisson_surface_reconstruction_3/include"/>
					<Add directory="/home/dylan/lifprojet/cgal/Polygon/include"/>
					<Add directory="/home/dylan/lifprojet/cgal/Polygon_mesh_processing/include"/>
					<Add directory="/home/dylan/lifprojet/cgal/Polygonal_surface_reconstruction/include"/>
					<Add directory="/home/dylan/lifprojet/cgal/Polyhedron/include"/>
					<Add directory="/home/dylan/lifprojet/cgal/Polyline_simplification_2/include"/>
					<Add directory="/home/dylan/lifprojet/cgal/Polynomial/include"/>
					<Add directory="/home/dylan/lifprojet/cgal/Polytope_distance_d/include"/>
					<Add directory="/home/dylan/lifprojet/cgal/Principal_component_analysis/include"/>
					<Add directory="/home/dylan/lifprojet/cgal/Principal_component_analysis_LGPL/include"/>
					<Add directory="/home/dylan/lifprojet/cgal/Profiling_tools/include"/>
					<Add directory="/home/dylan/lifprojet/cgal/Property_map/include"/>
					<Add directory="/home/dylan/lifprojet/cgal/QP_solver/include"/>
					<Add directory="/home/dylan/lifprojet/cgal/Random_numbers/include"/>
					<Add directory="/home/dylan/lifprojet/cgal/Ridges_3/include"/>
					<Add directory="/home/dylan/lifprojet/cgal/STL_Extension/include"/>
					<Add directory="/home/dylan/lifprojet/cgal/Scale_space_reconstruction_3/include"/>
					<Add directory="/home/dylan/lifprojet/cgal/SearchStructures/include"/>
					<Add directory="/home/dylan/lifprojet/cgal/Segment_Delaunay_graph_2/include"/>
					<Add directory="/home/dylan/lifprojet/cgal/Segment_Delaunay_graph_Linf_2/include"/>
					<Add directory="/home/dylan/lifprojet/cgal/Set_movable_separability_2/include"/>
					<Add directory="/home/dylan/lifprojet/cgal/Shape_detection/include"/>
					<Add directory="/home/dylan/lifprojet/cgal/Shape_regularization/include"/>
					<Add directory="/home/dylan/lifprojet/cgal/Skin_surface_3/include"/>
					<Add directory="/home/dylan/lifprojet/cgal/Snap_rounding_2/include"/>
					<Add directory="/home/dylan/lifprojet/cgal/Solver_interface/include"/>
					<Add directory="/home/dylan/lifprojet/cgal/Spatial_searching/include"/>
					<Add directory="/home/dylan/lifprojet/cgal/Spatial_sorting/include"/>
					<Add directory="/home/dylan/lifprojet/cgal/Straight_skeleton_2/include"/>
					<Add directory="/home/dylan/lifprojet/cgal/Stream_lines_2/include"/>
					<Add directory="/home/dylan/lifprojet/cgal/Stream_support/include"/>
					<Add directory="/home/dylan/lifprojet/cgal/Subdivision_method_3/include"/>
					<Add directory="/home/dylan/lifprojet/cgal/Surface_mesh/include"/>
					<Add directory="/home/dylan/lifprojet/cgal/Surface_mesh_approximation/include"/>
					<Add directory="/home/dylan/lifprojet/cgal/Surface_mesh_deformation/include"/>
					<Add directory="/home/dylan/lifprojet/cgal/Surface_mesh_parameterization/include"/>
					<Add directory="/home/dylan/lifprojet/cgal/Surface_mesh_segmentation/include"/>
					<Add directory="/home/dylan/lifprojet/cgal/Surface_mesh_shortest_path/include"/>
					<Add directory="/home/dylan/lifprojet/cgal/Surface_mesh_simplification/include"/>
					<Add directory="/home/dylan/lifprojet/cgal/Surface_mesh_skeletonization/include"/>
					<Add directory="/home/dylan/lifprojet/cgal/Surface_mesh_topology/include"/>
					<Add directory="/home/dylan/lifprojet/cgal/Surface_mesher/include"/>
					<Add directory="/home/dylan/lifprojet/cgal/Surface_sweep_2/include"/>
					<Add directory="/home/dylan/lifprojet/cgal/TDS_2/include"/>
					<Add directory="/home/dylan/lifprojet/cgal/TDS_3/include"/>
					<Add directory="/home/dylan/lifprojet/cgal/Testsuite/include"/>
					<Add directory="/home/dylan/lifprojet/cgal/Tetrahedral_remeshing/include"/>
					<Add directory="/home/dylan/lifprojet/cgal/Three/include"/>
					<Add directory="/home/dylan/lifprojet/cgal/Triangulation/include"/>
					<Add directory="/home/dylan/lifprojet/cgal/Triangulation_2/include"/>
					<Add directory="/home/dylan/lifprojet/cgal/Triangulation_3/include"/>
					<Add directory="/home/dylan/lifprojet/cgal/Triangulation_on_sphere_2/include"/>
					<Add directory="/home/dylan/lifprojet/cgal/Union_find/include"/>
					<Add directory="/home/dylan/lifprojet/cgal/Visibility_2/include"/>
					<Add directory="/home/dylan/lifprojet/cgal/Voronoi_diagram_2/include"/>
					<Add directory="/home/dylan/lifprojet/cgal/Weights/include"/>
					<Add directory="/usr/include/x86_64-linux-gnu/qt5"/>
					<Add directory="/usr/include/x86_64-linux-gnu/qt5/QtWidgets"/>
					<Add directory="/usr/include/x86_64-linux-gnu/qt5/QtGui"/>
					<Add directory="/usr/include/x86_64-linux-gnu/qt5/QtCore"/>
					<Add directory="/usr/lib/x86_64-linux-gnu/qt5/mkspecs/linux-g++"/>
					<Add directory="/usr/include/x86_64-linux-gnu/qt5/QtOpenGL"/>
					<Add directory="/usr/include/x86_64-linux-gnu/qt5/QtSvg"/>
					<Add directory="/usr/include/c++/9"/>
					<Add directory="/usr/include/x86_64-linux-gnu/c++/9"/>
					<Add directory="/usr/include/c++/9/backward"/>
					<Add directory="/usr/lib/gcc/x86_64-linux-gnu/9/include"/>
					<Add directory="/usr/local/include"/>
					<Add directory="/usr/include/x86_64-linux-gnu"/>
					<Add directory="/usr/include"/>
				</Compiler>
				<MakeCommands>
					<Build command="/usr/bin/make -j6 -f &quot;/home/dylan/lifprojet/projet-creation-de-ville/builds/debug/Makefile&quot;  VERBOSE=1 CGAL_Qt5_moc_and_resources/fast"/>
					<CompileFile command="/usr/bin/make -j6 -f &quot;/home/dylan/lifprojet/projet-creation-de-ville/builds/debug/Makefile&quot;  VERBOSE=1 &quot;$file&quot;"/>
					<Clean command="/usr/bin/make -j6 -f &quot;/home/dylan/lifprojet/projet-creation-de-ville/builds/debug/Makefile&quot;  VERBOSE=1 clean"/>
					<DistClean command="/usr/bin/make -j6 -f &quot;/home/dylan/lifprojet/projet-creation-de-ville/builds/debug/Makefile&quot;  VERBOSE=1 clean"/>
				</MakeCommands>
			</Target>
			<Target title="CGAL_Qt5_moc_and_resources_autogen">
				<Option working_dir="/home/dylan/lifprojet/projet-creation-de-ville/builds/debug"/>
				<Option type="4"/>
				<MakeCommands>
					<Build command="/usr/bin/make -j6 -f &quot;/home/dylan/lifprojet/projet-creation-de-ville/builds/debug/Makefile&quot;  VERBOSE=1 CGAL_Qt5_moc_and_resources_autogen"/>
					<CompileFile command="/usr/bin/make -j6 -f &quot;/home/dylan/lifprojet/projet-creation-de-ville/builds/debug/Makefile&quot;  VERBOSE=1 &quot;$file&quot;"/>
					<Clean command="/usr/bin/make -j6 -f &quot;/home/dylan/lifprojet/projet-creation-de-ville/builds/debug/Makefile&quot;  VERBOSE=1 clean"/>
					<DistClean command="/usr/bin/make -j6 -f &quot;/home/dylan/lifprojet/projet-creation-de-ville/builds/debug/Makefile&quot;  VERBOSE=1 clean"/>
				</MakeCommands>
			</Target>
		</Build>
		<Unit filename="/home/dylan/lifprojet/cgal/GraphicsView/demo/icons/File.qrc">
			<Option target="CGAL_Qt5_moc_and_resources"/>
		</Unit>
		<Unit filename="/home/dylan/lifprojet/cgal/GraphicsView/demo/icons/Input.qrc">
			<Option target="CGAL_Qt5_moc_and_resources"/>
		</Unit>
		<Unit filename="/home/dylan/lifprojet/cgal/GraphicsView/demo/icons/Triangulation_2.qrc">
			<Option target="CGAL_Qt5_moc_and_resources"/>
		</Unit>
		<Unit filename="/home/dylan/lifprojet/cgal/GraphicsView/demo/resources/CGAL.qrc">
			<Option target="CGAL_Qt5_moc_and_resources"/>
		</Unit>
		<Unit filename="/home/dylan/lifprojet/cgal/GraphicsView/include/CGAL/Qt/DemosMainWindow.h">
			<Option target="CGAL_Qt5_moc_and_resources"/>
		</Unit>
		<Unit filename="/home/dylan/lifprojet/cgal/GraphicsView/include/CGAL/Qt/GraphicsItem.h">
			<Option target="CGAL_Qt5_moc_and_resources"/>
		</Unit>
		<Unit filename="/home/dylan/lifprojet/cgal/GraphicsView/include/CGAL/Qt/GraphicsViewInput.h">
			<Option target="CGAL_Qt5_moc_and_resources"/>
		</Unit>
		<Unit filename="/home/dylan/lifprojet/cgal/GraphicsView/include/CGAL/Qt/GraphicsViewNavigation.h">
			<Option target="CGAL_Qt5_moc_and_resources"/>
		</Unit>
		<Unit filename="/home/dylan/lifprojet/cgal/GraphicsView/include/CGAL/Qt/camera.h">
			<Option target="CGAL_Qt5_moc_and_resources"/>
		</Unit>
		<Unit filename="/home/dylan/lifprojet/cgal/GraphicsView/include/CGAL/Qt/frame.h">
			<Option target="CGAL_Qt5_moc_and_resources"/>
		</Unit>
		<Unit filename="/home/dylan/lifprojet/cgal/GraphicsView/include/CGAL/Qt/image_interface.h">
			<Option target="CGAL_Qt5_moc_and_resources"/>
		</Unit>
		<Unit filename="/home/dylan/lifprojet/cgal/GraphicsView/include/CGAL/Qt/keyFrameInterpolator.h">
			<Option target="CGAL_Qt5_moc_and_resources"/>
		</Unit>
		<Unit filename="/home/dylan/lifprojet/cgal/GraphicsView/include/CGAL/Qt/manipulatedCameraFrame.h">
			<Option target="CGAL_Qt5_moc_and_resources"/>
		</Unit>
		<Unit filename="/home/dylan/lifprojet/cgal/GraphicsView/include/CGAL/Qt/manipulatedFrame.h">
			<Option target="CGAL_Qt5_moc_and_resources"/>
		</Unit>
		<Unit filename="/home/dylan/lifprojet/cgal/GraphicsView/include/CGAL/Qt/qglviewer.h">
			<Option target="CGAL_Qt5_moc_and_resources"/>
		</Unit>
		<Unit filename="/home/dylan/lifprojet/cgal/GraphicsView/include/CGAL/Qt/resources/ImageInterface.ui">
			<Option target="CGAL_Qt5_moc_and_resources"/>
		</Unit>
		<Unit filename="/home/dylan/lifprojet/projet-creation-de-ville/My_linear_cell_complex_incremental_builder.h">
			<Option target="MyExec"/>
		</Unit>
		<Unit filename="/home/dylan/lifprojet/projet-creation-de-ville/builds/debug/CGAL_Qt5_moc_and_resources_autogen/mocs_compilation.cpp">
			<Option target="CGAL_Qt5_moc_and_resources"/>
		</Unit>
		<Unit filename="/home/dylan/lifprojet/projet-creation-de-ville/builds/debug/qrc_CGAL.cpp">
			<Option target="CGAL_Qt5_moc_and_resources"/>
		</Unit>
		<Unit filename="/home/dylan/lifprojet/projet-creation-de-ville/builds/debug/qrc_File.cpp">
			<Option target="CGAL_Qt5_moc_and_resources"/>
		</Unit>
		<Unit filename="/home/dylan/lifprojet/projet-creation-de-ville/builds/debug/qrc_Input.cpp">
			<Option target="CGAL_Qt5_moc_and_resources"/>
		</Unit>
		<Unit filename="/home/dylan/lifprojet/projet-creation-de-ville/builds/debug/qrc_Triangulation_2.cpp">
			<Option target="CGAL_Qt5_moc_and_resources"/>
		</Unit>
		<Unit filename="/home/dylan/lifprojet/projet-creation-de-ville/builds/debug/ui_ImageInterface.h">
			<Option target="CGAL_Qt5_moc_and_resources"/>
		</Unit>
		<Unit filename="/home/dylan/lifprojet/projet-creation-de-ville/elementVille.cpp">
			<Option target="MyExec"/>
		</Unit>
		<Unit filename="/home/dylan/lifprojet/projet-creation-de-ville/elementVille.h">
			<Option target="MyExec"/>
		</Unit>
		<Unit filename="/home/dylan/lifprojet/projet-creation-de-ville/immeuble.cpp">
			<Option target="MyExec"/>
		</Unit>
		<Unit filename="/home/dylan/lifprojet/projet-creation-de-ville/immeuble.h">
			<Option target="MyExec"/>
		</Unit>
		<Unit filename="/home/dylan/lifprojet/projet-creation-de-ville/test.cpp">
			<Option target="MyExec"/>
		</Unit>
		<Unit filename="/home/dylan/lifprojet/projet-creation-de-ville/CMakeLists.txt">
			<Option virtualFolder="CMake Files\"/>
		</Unit>
		<Unit filename="/home/dylan/lifprojet/projet-creation-de-ville/../cgal/CGALConfig.cmake">
			<Option virtualFolder="CMake Files\..\cgal\"/>
		</Unit>
		<Unit filename="/home/dylan/lifprojet/projet-creation-de-ville/../cgal/CGALConfigVersion.cmake">
			<Option virtualFolder="CMake Files\..\cgal\"/>
		</Unit>
		<Unit filename="/home/dylan/lifprojet/projet-creation-de-ville/../cgal/Installation/lib/cmake/CGAL/CGALConfig.cmake">
			<Option virtualFolder="CMake Files\..\cgal\Installation\lib\cmake\CGAL\"/>
		</Unit>
		<Unit filename="/home/dylan/lifprojet/projet-creation-de-ville/../cgal/Installation/lib/cmake/CGAL/CGALConfigBuildVersion.cmake">
			<Option virtualFolder="CMake Files\..\cgal\Installation\lib\cmake\CGAL\"/>
		</Unit>
		<Unit filename="/home/dylan/lifprojet/projet-creation-de-ville/../cgal/Installation/lib/cmake/CGAL/CGALConfigVersion.cmake">
			<Option virtualFolder="CMake Files\..\cgal\Installation\lib\cmake\CGAL\"/>
		</Unit>
		<Unit filename="/home/dylan/lifprojet/projet-creation-de-ville/../cgal/Installation/cmake/modules/CGAL_Common.cmake">
			<Option virtualFolder="CMake Files\..\cgal\Installation\cmake\modules\"/>
		</Unit>
		<Unit filename="/home/dylan/lifprojet/projet-creation-de-ville/../cgal/Installation/cmake/modules/CGAL_CreateSingleSourceCGALProgram.cmake">
			<Option virtualFolder="CMake Files\..\cgal\Installation\cmake\modules\"/>
		</Unit>
		<Unit filename="/home/dylan/lifprojet/projet-creation-de-ville/../cgal/Installation/cmake/modules/CGAL_GeneratorSpecificSettings.cmake">
			<Option virtualFolder="CMake Files\..\cgal\Installation\cmake\modules\"/>
		</Unit>
		<Unit filename="/home/dylan/lifprojet/projet-creation-de-ville/../cgal/Installation/cmake/modules/CGAL_Macros.cmake">
			<Option virtualFolder="CMake Files\..\cgal\Installation\cmake\modules\"/>
		</Unit>
		<Unit filename="/home/dylan/lifprojet/projet-creation-de-ville/../cgal/Installation/cmake/modules/CGAL_Qt5_moc_and_resource_files.cmake">
			<Option virtualFolder="CMake Files\..\cgal\Installation\cmake\modules\"/>
		</Unit>
		<Unit filename="/home/dylan/lifprojet/projet-creation-de-ville/../cgal/Installation/cmake/modules/CGAL_SCM.cmake">
			<Option virtualFolder="CMake Files\..\cgal\Installation\cmake\modules\"/>
		</Unit>
		<Unit filename="/home/dylan/lifprojet/projet-creation-de-ville/../cgal/Installation/cmake/modules/CGAL_SetupBoost.cmake">
			<Option virtualFolder="CMake Files\..\cgal\Installation\cmake\modules\"/>
		</Unit>
		<Unit filename="/home/dylan/lifprojet/projet-creation-de-ville/../cgal/Installation/cmake/modules/CGAL_SetupCGALDependencies.cmake">
			<Option virtualFolder="CMake Files\..\cgal\Installation\cmake\modules\"/>
		</Unit>
		<Unit filename="/home/dylan/lifprojet/projet-creation-de-ville/../cgal/Installation/cmake/modules/CGAL_SetupCGAL_Qt5Dependencies.cmake">
			<Option virtualFolder="CMake Files\..\cgal\Installation\cmake\modules\"/>
		</Unit>
		<Unit filename="/home/dylan/lifprojet/projet-creation-de-ville/../cgal/Installation/cmake/modules/CGAL_SetupGMP.cmake">
			<Option virtualFolder="CMake Files\..\cgal\Installation\cmake\modules\"/>
		</Unit>
		<Unit filename="/home/dylan/lifprojet/projet-creation-de-ville/../cgal/Installation/cmake/modules/CGAL_TweakFindBoost.cmake">
			<Option virtualFolder="CMake Files\..\cgal\Installation\cmake\modules\"/>
		</Unit>
		<Unit filename="/home/dylan/lifprojet/projet-creation-de-ville/../cgal/Installation/cmake/modules/CGAL_VersionUtils.cmake">
			<Option virtualFolder="CMake Files\..\cgal\Installation\cmake\modules\"/>
		</Unit>
		<Unit filename="/home/dylan/lifprojet/projet-creation-de-ville/../cgal/Installation/cmake/modules/CGAL_add_test.cmake">
			<Option virtualFolder="CMake Files\..\cgal\Installation\cmake\modules\"/>
		</Unit>
		<Unit filename="/home/dylan/lifprojet/projet-creation-de-ville/../cgal/Installation/cmake/modules/CGAL_enable_end_of_configuration_hook.cmake">
			<Option virtualFolder="CMake Files\..\cgal\Installation\cmake\modules\"/>
		</Unit>
		<Unit filename="/home/dylan/lifprojet/projet-creation-de-ville/../cgal/Installation/cmake/modules/CGAL_setup_target_dependencies.cmake">
			<Option virtualFolder="CMake Files\..\cgal\Installation\cmake\modules\"/>
		</Unit>
		<Unit filename="/home/dylan/lifprojet/projet-creation-de-ville/../cgal/Installation/cmake/modules/CGAL_target_use_TBB.cmake">
			<Option virtualFolder="CMake Files\..\cgal\Installation\cmake\modules\"/>
		</Unit>
		<Unit filename="/home/dylan/lifprojet/projet-creation-de-ville/../cgal/Installation/cmake/modules/FindGMP.cmake">
			<Option virtualFolder="CMake Files\..\cgal\Installation\cmake\modules\"/>
		</Unit>
		<Unit filename="/home/dylan/lifprojet/projet-creation-de-ville/../cgal/Installation/cmake/modules/FindGMPXX.cmake">
			<Option virtualFolder="CMake Files\..\cgal\Installation\cmake\modules\"/>
		</Unit>
		<Unit filename="/home/dylan/lifprojet/projet-creation-de-ville/../cgal/Installation/cmake/modules/FindMPFR.cmake">
			<Option virtualFolder="CMake Files\..\cgal\Installation\cmake\modules\"/>
		</Unit>
		<Unit filename="/home/dylan/lifprojet/projet-creation-de-ville/../cgal/GraphicsView/demo/resources/CGAL.qrc">
			<Option virtualFolder="CMake Files\..\cgal\GraphicsView\demo\resources\"/>
		</Unit>
		<Unit filename="/home/dylan/lifprojet/projet-creation-de-ville/../cgal/GraphicsView/demo/icons/File.qrc">
			<Option virtualFolder="CMake Files\..\cgal\GraphicsView\demo\icons\"/>
		</Unit>
		<Unit filename="/home/dylan/lifprojet/projet-creation-de-ville/../cgal/GraphicsView/demo/icons/Input.qrc">
			<Option virtualFolder="CMake Files\..\cgal\GraphicsView\demo\icons\"/>
		</Unit>
		<Unit filename="/home/dylan/lifprojet/projet-creation-de-ville/../cgal/GraphicsView/demo/icons/Triangulation_2.qrc">
			<Option virtualFolder="CMake Files\..\cgal\GraphicsView\demo\icons\"/>
		</Unit>
		<Unit filename="/home/dylan/lifprojet/projet-creation-de-ville/../../../../usr/lib/x86_64-linux-gnu/cmake/Boost-1.71.0/BoostConfig.cmake">
			<Option virtualFolder="CMake Files\..\..\..\..\usr\lib\x86_64-linux-gnu\cmake\Boost-1.71.0\"/>
		</Unit>
		<Unit filename="/home/dylan/lifprojet/projet-creation-de-ville/../../../../usr/lib/x86_64-linux-gnu/cmake/Boost-1.71.0/BoostConfigVersion.cmake">
			<Option virtualFolder="CMake Files\..\..\..\..\usr\lib\x86_64-linux-gnu\cmake\Boost-1.71.0\"/>
		</Unit>
		<Unit filename="/home/dylan/lifprojet/projet-creation-de-ville/../../../../usr/lib/x86_64-linux-gnu/cmake/boost_headers-1.71.0/boost_headers-config-version.cmake">
			<Option virtualFolder="CMake Files\..\..\..\..\usr\lib\x86_64-linux-gnu\cmake\boost_headers-1.71.0\"/>
		</Unit>
		<Unit filename="/home/dylan/lifprojet/projet-creation-de-ville/../../../../usr/lib/x86_64-linux-gnu/cmake/boost_headers-1.71.0/boost_headers-config.cmake">
			<Option virtualFolder="CMake Files\..\..\..\..\usr\lib\x86_64-linux-gnu\cmake\boost_headers-1.71.0\"/>
		</Unit>
		<Unit filename="/home/dylan/lifprojet/projet-creation-de-ville/../../../../usr/lib/x86_64-linux-gnu/cmake/Qt5/Qt5Config.cmake">
			<Option virtualFolder="CMake Files\..\..\..\..\usr\lib\x86_64-linux-gnu\cmake\Qt5\"/>
		</Unit>
		<Unit filename="/home/dylan/lifprojet/projet-creation-de-ville/../../../../usr/lib/x86_64-linux-gnu/cmake/Qt5/Qt5ConfigVersion.cmake">
			<Option virtualFolder="CMake Files\..\..\..\..\usr\lib\x86_64-linux-gnu\cmake\Qt5\"/>
		</Unit>
		<Unit filename="/home/dylan/lifprojet/projet-creation-de-ville/../../../../usr/lib/x86_64-linux-gnu/cmake/Qt5/Qt5ModuleLocation.cmake">
			<Option virtualFolder="CMake Files\..\..\..\..\usr\lib\x86_64-linux-gnu\cmake\Qt5\"/>
		</Unit>
		<Unit filename="/home/dylan/lifprojet/projet-creation-de-ville/../../../../usr/lib/x86_64-linux-gnu/cmake/Qt5OpenGL/Qt5OpenGLConfig.cmake">
			<Option virtualFolder="CMake Files\..\..\..\..\usr\lib\x86_64-linux-gnu\cmake\Qt5OpenGL\"/>
		</Unit>
		<Unit filename="/home/dylan/lifprojet/projet-creation-de-ville/../../../../usr/lib/x86_64-linux-gnu/cmake/Qt5OpenGL/Qt5OpenGLConfigVersion.cmake">
			<Option virtualFolder="CMake Files\..\..\..\..\usr\lib\x86_64-linux-gnu\cmake\Qt5OpenGL\"/>
		</Unit>
		<Unit filename="/home/dylan/lifprojet/projet-creation-de-ville/../../../../usr/lib/x86_64-linux-gnu/cmake/Qt5Widgets/Qt5WidgetsConfig.cmake">
			<Option virtualFolder="CMake Files\..\..\..\..\usr\lib\x86_64-linux-gnu\cmake\Qt5Widgets\"/>
		</Unit>
		<Unit filename="/home/dylan/lifprojet/projet-creation-de-ville/../../../../usr/lib/x86_64-linux-gnu/cmake/Qt5Widgets/Qt5WidgetsConfigExtras.cmake">
			<Option virtualFolder="CMake Files\..\..\..\..\usr\lib\x86_64-linux-gnu\cmake\Qt5Widgets\"/>
		</Unit>
		<Unit filename="/home/dylan/lifprojet/projet-creation-de-ville/../../../../usr/lib/x86_64-linux-gnu/cmake/Qt5Widgets/Qt5WidgetsConfigVersion.cmake">
			<Option virtualFolder="CMake Files\..\..\..\..\usr\lib\x86_64-linux-gnu\cmake\Qt5Widgets\"/>
		</Unit>
		<Unit filename="/home/dylan/lifprojet/projet-creation-de-ville/../../../../usr/lib/x86_64-linux-gnu/cmake/Qt5Widgets/Qt5WidgetsMacros.cmake">
			<Option virtualFolder="CMake Files\..\..\..\..\usr\lib\x86_64-linux-gnu\cmake\Qt5Widgets\"/>
		</Unit>
		<Unit filename="/home/dylan/lifprojet/projet-creation-de-ville/../../../../usr/lib/x86_64-linux-gnu/cmake/Qt5Gui/Qt5GuiConfig.cmake">
			<Option virtualFolder="CMake Files\..\..\..\..\usr\lib\x86_64-linux-gnu\cmake\Qt5Gui\"/>
		</Unit>
		<Unit filename="/home/dylan/lifprojet/projet-creation-de-ville/../../../../usr/lib/x86_64-linux-gnu/cmake/Qt5Gui/Qt5GuiConfigExtras.cmake">
			<Option virtualFolder="CMake Files\..\..\..\..\usr\lib\x86_64-linux-gnu\cmake\Qt5Gui\"/>
		</Unit>
		<Unit filename="/home/dylan/lifprojet/projet-creation-de-ville/../../../../usr/lib/x86_64-linux-gnu/cmake/Qt5Gui/Qt5GuiConfigVersion.cmake">
			<Option virtualFolder="CMake Files\..\..\..\..\usr\lib\x86_64-linux-gnu\cmake\Qt5Gui\"/>
		</Unit>
		<Unit filename="/home/dylan/lifprojet/projet-creation-de-ville/../../../../usr/lib/x86_64-linux-gnu/cmake/Qt5Gui/Qt5Gui_QComposePlatformInputContextPlugin.cmake">
			<Option virtualFolder="CMake Files\..\..\..\..\usr\lib\x86_64-linux-gnu\cmake\Qt5Gui\"/>
		</Unit>
		<Unit filename="/home/dylan/lifprojet/projet-creation-de-ville/../../../../usr/lib/x86_64-linux-gnu/cmake/Qt5Gui/Qt5Gui_QEglFSEmulatorIntegrationPlugin.cmake">
			<Option virtualFolder="CMake Files\..\..\..\..\usr\lib\x86_64-linux-gnu\cmake\Qt5Gui\"/>
		</Unit>
		<Unit filename="/home/dylan/lifprojet/projet-creation-de-ville/../../../../usr/lib/x86_64-linux-gnu/cmake/Qt5Gui/Qt5Gui_QEglFSIntegrationPlugin.cmake">
			<Option virtualFolder="CMake Files\..\..\..\..\usr\lib\x86_64-linux-gnu\cmake\Qt5Gui\"/>
		</Unit>
		<Unit filename="/home/dylan/lifprojet/projet-creation-de-ville/../../../../usr/lib/x86_64-linux-gnu/cmake/Qt5Gui/Qt5Gui_QEglFSKmsEglDeviceIntegrationPlugin.cmake">
			<Option virtualFolder="CMake Files\..\..\..\..\usr\lib\x86_64-linux-gnu\cmake\Qt5Gui\"/>
		</Unit>
		<Unit filename="/home/dylan/lifprojet/projet-creation-de-ville/../../../../usr/lib/x86_64-linux-gnu/cmake/Qt5Gui/Qt5Gui_QEglFSKmsGbmIntegrationPlugin.cmake">
			<Option virtualFolder="CMake Files\..\..\..\..\usr\lib\x86_64-linux-gnu\cmake\Qt5Gui\"/>
		</Unit>
		<Unit filename="/home/dylan/lifprojet/projet-creation-de-ville/../../../../usr/lib/x86_64-linux-gnu/cmake/Qt5Gui/Qt5Gui_QEglFSX11IntegrationPlugin.cmake">
			<Option virtualFolder="CMake Files\..\..\..\..\usr\lib\x86_64-linux-gnu\cmake\Qt5Gui\"/>
		</Unit>
		<Unit filename="/home/dylan/lifprojet/projet-creation-de-ville/../../../../usr/lib/x86_64-linux-gnu/cmake/Qt5Gui/Qt5Gui_QEvdevKeyboardPlugin.cmake">
			<Option virtualFolder="CMake Files\..\..\..\..\usr\lib\x86_64-linux-gnu\cmake\Qt5Gui\"/>
		</Unit>
		<Unit filename="/home/dylan/lifprojet/projet-creation-de-ville/../../../../usr/lib/x86_64-linux-gnu/cmake/Qt5Gui/Qt5Gui_QEvdevMousePlugin.cmake">
			<Option virtualFolder="CMake Files\..\..\..\..\usr\lib\x86_64-linux-gnu\cmake\Qt5Gui\"/>
		</Unit>
		<Unit filename="/home/dylan/lifprojet/projet-creation-de-ville/../../../../usr/lib/x86_64-linux-gnu/cmake/Qt5Gui/Qt5Gui_QEvdevTabletPlugin.cmake">
			<Option virtualFolder="CMake Files\..\..\..\..\usr\lib\x86_64-linux-gnu\cmake\Qt5Gui\"/>
		</Unit>
		<Unit filename="/home/dylan/lifprojet/projet-creation-de-ville/../../../../usr/lib/x86_64-linux-gnu/cmake/Qt5Gui/Qt5Gui_QEvdevTouchScreenPlugin.cmake">
			<Option virtualFolder="CMake Files\..\..\..\..\usr\lib\x86_64-linux-gnu\cmake\Qt5Gui\"/>
		</Unit>
		<Unit filename="/home/dylan/lifprojet/projet-creation-de-ville/../../../../usr/lib/x86_64-linux-gnu/cmake/Qt5Gui/Qt5Gui_QGifPlugin.cmake">
			<Option virtualFolder="CMake Files\..\..\..\..\usr\lib\x86_64-linux-gnu\cmake\Qt5Gui\"/>
		</Unit>
		<Unit filename="/home/dylan/lifprojet/projet-creation-de-ville/../../../../usr/lib/x86_64-linux-gnu/cmake/Qt5Gui/Qt5Gui_QICOPlugin.cmake">
			<Option virtualFolder="CMake Files\..\..\..\..\usr\lib\x86_64-linux-gnu\cmake\Qt5Gui\"/>
		</Unit>
		<Unit filename="/home/dylan/lifprojet/projet-creation-de-ville/../../../../usr/lib/x86_64-linux-gnu/cmake/Qt5Gui/Qt5Gui_QIbusPlatformInputContextPlugin.cmake">
			<Option virtualFolder="CMake Files\..\..\..\..\usr\lib\x86_64-linux-gnu\cmake\Qt5Gui\"/>
		</Unit>
		<Unit filename="/home/dylan/lifprojet/projet-creation-de-ville/../../../../usr/lib/x86_64-linux-gnu/cmake/Qt5Gui/Qt5Gui_QJpegPlugin.cmake">
			<Option virtualFolder="CMake Files\..\..\..\..\usr\lib\x86_64-linux-gnu\cmake\Qt5Gui\"/>
		</Unit>
		<Unit filename="/home/dylan/lifprojet/projet-creation-de-ville/../../../../usr/lib/x86_64-linux-gnu/cmake/Qt5Gui/Qt5Gui_QLibInputPlugin.cmake">
			<Option virtualFolder="CMake Files\..\..\..\..\usr\lib\x86_64-linux-gnu\cmake\Qt5Gui\"/>
		</Unit>
		<Unit filename="/home/dylan/lifprojet/projet-creation-de-ville/../../../../usr/lib/x86_64-linux-gnu/cmake/Qt5Gui/Qt5Gui_QLinuxFbIntegrationPlugin.cmake">
			<Option virtualFolder="CMake Files\..\..\..\..\usr\lib\x86_64-linux-gnu\cmake\Qt5Gui\"/>
		</Unit>
		<Unit filename="/home/dylan/lifprojet/projet-creation-de-ville/../../../../usr/lib/x86_64-linux-gnu/cmake/Qt5Gui/Qt5Gui_QMinimalEglIntegrationPlugin.cmake">
			<Option virtualFolder="CMake Files\..\..\..\..\usr\lib\x86_64-linux-gnu\cmake\Qt5Gui\"/>
		</Unit>
		<Unit filename="/home/dylan/lifprojet/projet-creation-de-ville/../../../../usr/lib/x86_64-linux-gnu/cmake/Qt5Gui/Qt5Gui_QMinimalIntegrationPlugin.cmake">
			<Option virtualFolder="CMake Files\..\..\..\..\usr\lib\x86_64-linux-gnu\cmake\Qt5Gui\"/>
		</Unit>
		<Unit filename="/home/dylan/lifprojet/projet-creation-de-ville/../../../../usr/lib/x86_64-linux-gnu/cmake/Qt5Gui/Qt5Gui_QOffscreenIntegrationPlugin.cmake">
			<Option virtualFolder="CMake Files\..\..\..\..\usr\lib\x86_64-linux-gnu\cmake\Qt5Gui\"/>
		</Unit>
		<Unit filename="/home/dylan/lifprojet/projet-creation-de-ville/../../../../usr/lib/x86_64-linux-gnu/cmake/Qt5Gui/Qt5Gui_QTuioTouchPlugin.cmake">
			<Option virtualFolder="CMake Files\..\..\..\..\usr\lib\x86_64-linux-gnu\cmake\Qt5Gui\"/>
		</Unit>
		<Unit filename="/home/dylan/lifprojet/projet-creation-de-ville/../../../../usr/lib/x86_64-linux-gnu/cmake/Qt5Gui/Qt5Gui_QVncIntegrationPlugin.cmake">
			<Option virtualFolder="CMake Files\..\..\..\..\usr\lib\x86_64-linux-gnu\cmake\Qt5Gui\"/>
		</Unit>
		<Unit filename="/home/dylan/lifprojet/projet-creation-de-ville/../../../../usr/lib/x86_64-linux-gnu/cmake/Qt5Gui/Qt5Gui_QXcbEglIntegrationPlugin.cmake">
			<Option virtualFolder="CMake Files\..\..\..\..\usr\lib\x86_64-linux-gnu\cmake\Qt5Gui\"/>
		</Unit>
		<Unit filename="/home/dylan/lifprojet/projet-creation-de-ville/../../../../usr/lib/x86_64-linux-gnu/cmake/Qt5Gui/Qt5Gui_QXcbGlxIntegrationPlugin.cmake">
			<Option virtualFolder="CMake Files\..\..\..\..\usr\lib\x86_64-linux-gnu\cmake\Qt5Gui\"/>
		</Unit>
		<Unit filename="/home/dylan/lifprojet/projet-creation-de-ville/../../../../usr/lib/x86_64-linux-gnu/cmake/Qt5Gui/Qt5Gui_QXcbIntegrationPlugin.cmake">
			<Option virtualFolder="CMake Files\..\..\..\..\usr\lib\x86_64-linux-gnu\cmake\Qt5Gui\"/>
		</Unit>
		<Unit filename="/home/dylan/lifprojet/projet-creation-de-ville/../../../../usr/lib/x86_64-linux-gnu/cmake/Qt5Core/Qt5CoreConfig.cmake">
			<Option virtualFolder="CMake Files\..\..\..\..\usr\lib\x86_64-linux-gnu\cmake\Qt5Core\"/>
		</Unit>
		<Unit filename="/home/dylan/lifprojet/projet-creation-de-ville/../../../../usr/lib/x86_64-linux-gnu/cmake/Qt5Core/Qt5CoreConfigExtras.cmake">
			<Option virtualFolder="CMake Files\..\..\..\..\usr\lib\x86_64-linux-gnu\cmake\Qt5Core\"/>
		</Unit>
		<Unit filename="/home/dylan/lifprojet/projet-creation-de-ville/../../../../usr/lib/x86_64-linux-gnu/cmake/Qt5Core/Qt5CoreConfigExtrasMkspecDir.cmake">
			<Option virtualFolder="CMake Files\..\..\..\..\usr\lib\x86_64-linux-gnu\cmake\Qt5Core\"/>
		</Unit>
		<Unit filename="/home/dylan/lifprojet/projet-creation-de-ville/../../../../usr/lib/x86_64-linux-gnu/cmake/Qt5Core/Qt5CoreConfigVersion.cmake">
			<Option virtualFolder="CMake Files\..\..\..\..\usr\lib\x86_64-linux-gnu\cmake\Qt5Core\"/>
		</Unit>
		<Unit filename="/home/dylan/lifprojet/projet-creation-de-ville/../../../../usr/lib/x86_64-linux-gnu/cmake/Qt5Core/Qt5CoreMacros.cmake">
			<Option virtualFolder="CMake Files\..\..\..\..\usr\lib\x86_64-linux-gnu\cmake\Qt5Core\"/>
		</Unit>
		<Unit filename="/home/dylan/lifprojet/projet-creation-de-ville/../../../../usr/lib/x86_64-linux-gnu/cmake/Qt5Svg/Qt5SvgConfig.cmake">
			<Option virtualFolder="CMake Files\..\..\..\..\usr\lib\x86_64-linux-gnu\cmake\Qt5Svg\"/>
		</Unit>
		<Unit filename="/home/dylan/lifprojet/projet-creation-de-ville/../../../../usr/lib/x86_64-linux-gnu/cmake/Qt5Svg/Qt5SvgConfigVersion.cmake">
			<Option virtualFolder="CMake Files\..\..\..\..\usr\lib\x86_64-linux-gnu\cmake\Qt5Svg\"/>
		</Unit>
		<Unit filename="/home/dylan/lifprojet/projet-creation-de-ville/../../../../usr/lib/x86_64-linux-gnu/cmake/Qt5Svg/Qt5Svg_QSvgIconPlugin.cmake">
			<Option virtualFolder="CMake Files\..\..\..\..\usr\lib\x86_64-linux-gnu\cmake\Qt5Svg\"/>
		</Unit>
		<Unit filename="/home/dylan/lifprojet/projet-creation-de-ville/../../../../usr/lib/x86_64-linux-gnu/cmake/Qt5Svg/Qt5Svg_QSvgPlugin.cmake">
			<Option virtualFolder="CMake Files\..\..\..\..\usr\lib\x86_64-linux-gnu\cmake\Qt5Svg\"/>
		</Unit>
	</Project>
</CodeBlocks_project_file>
